<Solution>
  <Project Path="UML1_26/UML1_26.csproj" />
  <Project Path="UML1_26_opg2/UML1_26_opg2.csproj" Id="46ac465c-883b-4392-9a7e-e30d1e92c4fe" />
  <Project Path="UML1_26_opg3/UML1_26_opg3.csproj" Id="f52f243f-8ede-4c33-898b-132aa4fca69f" />
  <Project Path="UML1_26_opg4/UML1_26_opg4.csproj" Id="63ed774f-30e0-4946-b170-4d34b79b5678" />
</Solution>
